// !$*UTF8*$!
{
	archiveVersion = 1;
	classes = {
	};
	objectVersion = 50;
	objects = {

/* Begin PBXBuildFile section */
		4894181B21864AE5008FC161 /* AppDelegate.swift in Sources */ = {isa = PBXBuildFile; fileRef = 4894181A21864AE5008FC161 /* AppDelegate.swift */; };
		4894181D21864AE5008FC161 /* SettingsViewController.swift in Sources */ = {isa = PBXBuildFile; fileRef = 4894181C21864AE5008FC161 /* SettingsViewController.swift */; };
		4894182021864AE5008FC161 /* Main.storyboard in Resources */ = {isa = PBXBuildFile; fileRef = 4894181E21864AE5008FC161 /* Main.storyboard */; };
		4894182221864AE6008FC161 /* Assets.xcassets in Resources */ = {isa = PBXBuildFile; fileRef = 4894182121864AE6008FC161 /* Assets.xcassets */; };
		4894182521864AE6008FC161 /* LaunchScreen.storyboard in Resources */ = {isa = PBXBuildFile; fileRef = 4894182321864AE6008FC161 /* LaunchScreen.storyboard */; };
		4894182F21864C23008FC161 /* Styles.swift in Sources */ = {isa = PBXBuildFile; fileRef = 4894182E21864C23008FC161 /* Styles.swift */; };
/* End PBXBuildFile section */

/* Begin PBXFileReference section */
		4894181721864AE5008FC161 /* darkThema.app */ = {isa = PBXFileReference; explicitFileType = wrapper.application; includeInIndex = 0; path = darkThema.app; sourceTree = BUILT_PRODUCTS_DIR; };
		4894181A21864AE5008FC161 /* AppDelegate.swift */ = {isa = PBXFileReference; lastKnownFileType = sourcecode.swift; path = AppDelegate.swift; sourceTree = "<group>"; };
		4894181C21864AE5008FC161 /* SettingsViewController.swift */ = {isa = PBXFileReference; lastKnownFileType = sourcecode.swift; path = SettingsViewController.swift; sourceTree = "<group>"; };
		4894181F21864AE5008FC161 /* Base */ = {isa = PBXFileReference; lastKnownFileType = file.storyboard; name = Base; path = Base.lproj/Main.storyboard; sourceTree = "<group>"; };
		4894182121864AE6008FC161 /* Assets.xcassets */ = {isa = PBXFileReference; lastKnownFileType = folder.assetcatalog; path = Assets.xcassets; sourceTree = "<group>"; };
		4894182421864AE6008FC161 /* Base */ = {isa = PBXFileReference; lastKnownFileType = file.storyboard; name = Base; path = Base.lproj/LaunchScreen.storyboard; sourceTree = "<group>"; };
		4894182621864AE6008FC161 /* Info.plist */ = {isa = PBXFileReference; lastKnownFileType = text.plist.xml; path = Info.plist; sourceTree = "<group>"; };
		4894182E21864C23008FC161 /* Styles.swift */ = {isa = PBXFileReference; lastKnownFileType = sourcecode.swift; path = Styles.swift; sourceTree = "<group>"; };
/* End PBXFileReference section */

/* Begin PBXFrameworksBuildPhase section */
		4894181421864AE5008FC161 /* Frameworks */ = {
			isa = PBXFrameworksBuildPhase;
			buildActionMask = 2147483647;
			files = (
			);
			runOnlyForDeploymentPostprocessing = 0;
		};
/* End PBXFrameworksBuildPhase section */

/* Begin PBXGroup section */
		4894180E21864AE5008FC161 = {
			isa = PBXGroup;
			children = (
				4894181921864AE5008FC161 /* darkThema */,
				4894181821864AE5008FC161 /* Products */,
			);
			sourceTree = "<group>";
		};
		4894181821864AE5008FC161 /* Products */ = {
			isa = PBXGroup;
			children = (
				4894181721864AE5008FC161 /* darkThema.app */,
			);
			name = Products;
			sourceTree = "<group>";
		};
		4894181921864AE5008FC161 /* darkThema */ = {
			isa = PBXGroup;
			children = (
				4894181A21864AE5008FC161 /* AppDelegate.swift */,
				4894181C21864AE5008FC161 /* SettingsViewController.swift */,
				4894182E21864C23008FC161 /* Styles.swift */,
				4894181E21864AE5008FC161 /* Main.storyboard */,
				4894182121864AE6008FC161 /* Assets.xcassets */,
				4894182321864AE6008FC161 /* LaunchScreen.storyboard */,
				4894182621864AE6008FC161 /* Info.plist */,
			);
			path = darkThema;
			sourceTree = "<group>";
		};
/* End PBXGroup section */

/* Begin PBXNativeTarget section */
		4894181621864AE5008FC161 /* darkThema */ = {
			isa = PBXNativeTarget;
			buildConfigurationList = 4894182921864AE6008FC161 /* Build configuration list for PBXNativeTarget "darkThema" */;
			buildPhases = (
				4894181321864AE5008FC161 /* Sources */,
				4894181421864AE5008FC161 /* Frameworks */,
				4894181521864AE5008FC161 /* Resources */,
			);
			buildRules = (
			);
			dependencies = (
			);
			name = darkThema;
			productName = darkThema;
			productReference = 4894181721864AE5008FC161 /* darkThema.app */;
			productType = "com.apple.product-type.application";
		};
/* End PBXNativeTarget section */

/* Begin PBXProject section */
		4894180F21864AE5008FC161 /* Project object */ = {
			isa = PBXProject;
			attributes = {
				LastSwiftUpdateCheck = 1010;
				LastUpgradeCheck = 1010;
				ORGANIZATIONNAME = Horizon;
				TargetAttributes = {
					4894181621864AE5008FC161 = {
						CreatedOnToolsVersion = 10.1;
					};
				};
			};
			buildConfigurationList = 4894181221864AE5008FC161 /* Build configuration list for PBXProject "darkThema" */;
			compatibilityVersion = "Xcode 9.3";
			developmentRegion = en;
			hasScannedForEncodings = 0;
			knownRegions = (
				en,
				Base,
			);
			mainGroup = 4894180E21864AE5008FC161;
			productRefGroup = 4894181821864AE5008FC161 /* Products */;
			projectDirPath = "";
			projectRoot = "";
			targets = (
				4894181621864AE5008FC161 /* darkThema */,
			);
		};
/* End PBXProject section */

/* Begin PBXResourcesBuildPhase section */
		4894181521864AE5008FC161 /* Resources */ = {
			isa = PBXResourcesBuildPhase;
			buildActionMask = 2147483647;
			files = (
				4894182521864AE6008FC161 /* LaunchScreen.storyboard in Resources */,
				4894182221864AE6008FC161 /* Assets.xcassets in Resources */,
				4894182021864AE5008FC161 /* Main.storyboard in Resources */,
			);
			runOnlyForDeploymentPostprocessing = 0;
		};
/* End PBXResourcesBuildPhase section */

/* Begin PBXSourcesBuildPhase section */
		4894181321864AE5008FC161 /* Sources */ = {
			isa = PBXSourcesBuildPhase;
			buildActionMask = 2147483647;
			files = (
				4894181D21864AE5008FC161 /* SettingsViewController.swift in Sources */,
				4894181B21864AE5008FC161 /* AppDelegate.swift in Sources */,
				4894182F21864C23008FC161 /* Styles.swift in Sources */,
			);
			runOnlyForDeploymentPostprocessing = 0;
		};
/* End PBXSourcesBuildPhase section */

/* Begin PBXVariantGroup section */
		4894181E21864AE5008FC161 /* Main.storyboard */ = {
			isa = PBXVariantGroup;
			children = (
				4894181F21864AE5008FC161 /* Base */,
			);
			name = Main.storyboard;
			sourceTree = "<group>";
		};
		4894182321864AE6008FC161 /* LaunchScreen.storyboard */ = {
			isa = PBXVariantGroup;
			children = (
				4894182421864AE6008FC161 /* Base */,
			);
			name = LaunchScreen.storyboard;
			sourceTree = "<group>";
		};
/* End PBXVariantGroup section */

/* Begin XCBuildConfiguration section */
		4894182721864AE6008FC161 /* Debug */ = {
			isa = XCBuildConfiguration;
			buildSettings = {
				ALWAYS_SEARCH_USER_PATHS = NO;
				CLANG_ANALYZER_NONNULL = YES;
				CLANG_ANALYZER_NUMBER_OBJECT_CONVERSION = YES_AGGRESSIVE;
				CLANG_CXX_LANGUAGE_STANDARD = "gnu++14";
				CLANG_CXX_LIBRARY = "libc++";
				CLANG_ENABLE_MODULES = YES;
				CLANG_ENABLE_OBJC_ARC = YES;
				CLANG_ENABLE_OBJC_WEAK = YES;
				CLANG_WARN_BLOCK_CAPTURE_AUTORELEASING = YES;
				CLANG_WARN_BOOL_CONVERSION = YES;
				CLANG_WARN_COMMA = YES;
				CLANG_WARN_CONSTANT_CONVERSION = YES;
				CLANG_WARN_DEPRECATED_OBJC_IMPLEMENTATIONS = YES;
				CLANG_WARN_DIRECT_OBJC_ISA_USAGE = YES_ERROR;
				CLANG_WARN_DOCUMENTATION_COMMENTS = YES;
				CLANG_WARN_EMPTY_BODY = YES;
				CLANG_WARN_ENUM_CONVERSION = YES;
				CLANG_WARN_INFINITE_RECURSION = YES;
				CLANG_WARN_INT_CONVERSION = YES;
				CLANG_WARN_NON_LITERAL_NULL_CONVERSION = YES;
				CLANG_WARN_OBJC_IMPLICIT_RETAIN_SELF = YES;
				CLANG_WARN_OBJC_LITERAL_CONVERSION = YES;
				CLANG_WARN_OBJC_ROOT_CLASS = YES_ERROR;
				CLANG_WARN_RANGE_LOOP_ANALYSIS = YES;
				CLANG_WARN_STRICT_PROTOTYPES = YES;
				CLANG_WARN_SUSPICIOUS_MOVE = YES;
				CLANG_WARN_UNGUARDED_AVAILABILITY = YES_AGGRESSIVE;
				CLANG_WARN_UNREACHABLE_CODE = YES;
				CLANG_WARN__DUPLICATE_METHOD_MATCH = YES;
				CODE_SIGN_IDENTITY = "iPhone Developer";
				COPY_PHASE_STRIP = NO;
				DEBUG_INFORMATION_FORMAT = dwarf;
				ENABLE_STRICT_OBJC_MSGSEND = YES;
				ENABLE_TESTABILITY = YES;
				GCC_C_LANGUAGE_STANDARD = gnu11;
				GCC_DYNAMIC_NO_PIC = NO;
				GCC_NO_COMMON_BLOCKS = YES;
				GCC_OPTIMIZATION_LEVEL = 0;
				GCC_PREPROCESSOR_DEFINITIONS = (
					"DEBUG=1",
					"$(inherited)",
				);
				GCC_WARN_64_TO_32_BIT_CONVERSION = YES;
				GCC_WARN_ABOUT_RETURN_TYPE = YES_ERROR;
				GCC_WARN_UNDECLARED_SELECTOR = YES;
				GCC_WARN_UNINITIALIZED_AUTOS = YES_AGGRESSIVE;
				GCC_WARN_UNUSED_FUNCTION = YES;
				GCC_WARN_UNUSED_VARIABLE = YES;
				IPHONEOS_DEPLOYMENT_TARGET = 12.1;
				MTL_ENABLE_DEBUG_INFO = INCLUDE_SOURCE;
				MTL_FAST_MATH = YES;
				ONLY_ACTIVE_ARCH = YES;
				SDKROOT = iphoneos;
				SWIFT_ACTIVE_COMPILATION_CONDITIONS = DEBUG;
				SWIFT_OPTIMIZATION_LEVEL = "-Onone";
			};
			name = Debug;
		};
		4894182821864AE6008FC161 /* Release */ = {
			isa = XCBuildConfiguration;
			buildSettings = {
				ALWAYS_SEARCH_USER_PATHS = NO;
				CLANG_ANALYZER_NONNULL = YES;
				CLANG_ANALYZER_NUMBER_OBJECT_CONVERSION = YES_AGGRESSIVE;
				CLANG_CXX_LANGUAGE_STANDARD = "gnu++14";
				CLANG_CXX_LIBRARY = "libc++";
				CLANG_ENABLE_MODULES = YES;
				CLANG_ENABLE_OBJC_ARC = YES;
				CLANG_ENABLE_OBJC_WEAK = YES;
				CLANG_WARN_BLOCK_CAPTURE_AUTORELEASING = YES;
				CLANG_WARN_BOOL_CONVERSION = YES;
				CLANG_WARN_COMMA = YES;
				CLANG_WARN_CONSTANT_CONVERSION = YES;
				CLANG_WARN_DEPRECATED_OBJC_IMPLEMENTATIONS = YES;
				CLANG_WARN_DIRECT_OBJC_ISA_USAGE = YES_ERROR;
				CLANG_WARN_DOCUMENTATION_COMMENTS = YES;
				CLANG_WARN_EMPTY_BODY = YES;
				CLANG_WARN_ENUM_CONVERSION = YES;
				CLANG_WARN_INFINITE_RECURSION = YES;
				CLANG_WARN_INT_CONVERSION = YES;
				CLANG_WARN_NON_LITERAL_NULL_CONVERSION = YES;
				CLANG_WARN_OBJC_IMPLICIT_RETAIN_SELF = YES;
				CLANG_WARN_OBJC_LITERAL_CONVERSION = YES;
				CLANG_WARN_OBJC_ROOT_CLASS = YES_ERROR;
				CLANG_WARN_RANGE_LOOP_ANALYSIS = YES;
				CLANG_WARN_STRICT_PROTOTYPES = YES;
				CLANG_WARN_SUSPICIOUS_MOVE = YES;
				CLANG_WARN_UNGUARDED_AVAILABILITY = YES_AGGRESSIVE;
				CLANG_WARN_UNREACHABLE_CODE = YES;
				CLANG_WARN__DUPLICATE_METHOD_MATCH = YES;
				CODE_SIGN_IDENTITY = "iPhone Developer";
				COPY_PHASE_STRIP = NO;
				DEBUG_INFORMATION_FORMAT = "dwarf-with-dsym";
				ENABLE_NS_ASSERTIONS = NO;
				ENABLE_STRICT_OBJC_MSGSEND = YES;
				GCC_C_LANGUAGE_STANDARD = gnu11;
				GCC_NO_COMMON_BLOCKS = YES;
				GCC_WARN_64_TO_32_BIT_CONVERSION = YES;
				GCC_WARN_ABOUT_RETURN_TYPE = YES_ERROR;
				GCC_WARN_UNDECLARED_SELECTOR = YES;
				GCC_WARN_UNINITIALIZED_AUTOS = YES_AGGRESSIVE;
				GCC_WARN_UNUSED_FUNCTION = YES;
				GCC_WARN_UNUSED_VARIABLE = YES;
				IPHONEOS_DEPLOYMENT_TARGET = 12.1;
				MTL_ENABLE_DEBUG_INFO = NO;
				MTL_FAST_MATH = YES;
				SDKROOT = iphoneos;
				SWIFT_COMPILATION_MODE = wholemodule;
				SWIFT_OPTIMIZATION_LEVEL = "-O";
				VALIDATE_PRODUCT = YES;
			};
			name = Release;
		};
		4894182A21864AE6008FC161 /* Debug */ = {
			isa = XCBuildConfiguration;
			buildSettings = {
				ASSETCATALOG_COMPILER_APPICON_NAME = AppIcon;
				CODE_SIGN_STYLE = Automatic;
				DEVELOPMENT_TEAM = 87H66QRFSS;
				INFOPLIST_FILE = darkThema/Info.plist;
				LD_RUNPATH_SEARCH_PATHS = (
					"$(inherited)",
					"@executable_path/Frameworks",
				);
				PRODUCT_BUNDLE_IDENTIFIER = com.darkThema;
				PRODUCT_NAME = "$(TARGET_NAME)";
				SWIFT_VERSION = 4.2;
				TARGETED_DEVICE_FAMILY = "1,2";
			};
			name = Debug;
		};
		4894182B21864AE6008FC161 /* Release */ = {
			isa = XCBuildConfiguration;
			buildSettings = {
				ASSETCATALOG_COMPILER_APPICON_NAME = AppIcon;
				CODE_SIGN_STYLE = Automatic;
				DEVELOPMENT_TEAM = 87H66QRFSS;
				INFOPLIST_FILE = darkThema/Info.plist;
				LD_RUNPATH_SEARCH_PATHS = (
					"$(inherited)",
					"@executable_path/Frameworks",
				);
				PRODUCT_BUNDLE_IDENTIFIER = com.darkThema;
				PRODUCT_NAME = "$(TARGET_NAME)";
				SWIFT_VERSION = 4.2;
				TARGETED_DEVICE_FAMILY = "1,2";
			};
			name = Release;
		};
/* End XCBuildConfiguration section */

/* Begin XCConfigurationList section */
		4894181221864AE5008FC161 /* Build configuration list for PBXProject "darkThema" */ = {
			isa = XCConfigurationList;
			buildConfigurations = (
				4894182721864AE6008FC161 /* Debug */,
				4894182821864AE6008FC161 /* Release */,
			);
			defaultConfigurationIsVisible = 0;
			defaultConfigurationName = Release;
		};
		4894182921864AE6008FC161 /* Build configuration list for PBXNativeTarget "darkThema" */ = {
			isa = XCConfigurationList;
			buildConfigurations = (
				4894182A21864AE6008FC161 /* Debug */,
				4894182B21864AE6008FC161 /* Release */,
			);
			defaultConfigurationIsVisible = 0;
			defaultConfigurationName = Release;
		};
/* End XCConfigurationList section */
	};
	rootObject = 4894180F21864AE5008FC161 /* Project object */;
}
